
Microsoft Visual Studio Solution File, Format Version 12.00
# Visual Studio Version 17
VisualStudioVersion = 17.8.34408.163
MinimumVisualStudioVersion = 10.0.40219.1
Project("{9A19103F-16F7-4668-BE54-9A1E7A4F7556}") = "Fundos.API", "Fundos.API\Fundos.API.csproj", "{3707953F-0288-465D-93BC-790A4E80D734}"
EndProject
Project("{2150E333-8FDC-42A3-9474-1A3956D46DE8}") = "2.0 - Domain", "2.0 - Domain", "{AAA566AC-12BE-4A53-904B-0D22FD4CC570}"
EndProject
Project("{9A19103F-16F7-4668-BE54-9A1E7A4F7556}") = "Fundos.Api.Domain", "Fundos.Api.Domain\Fundos.Api.Domain.csproj", "{DDC30AC3-EBA5-4DA5-8681-9B9EBA20D94A}"
EndProject
Project("{2150E333-8FDC-42A3-9474-1A3956D46DE8}") = "3.0 - Application", "3.0 - Application", "{102E5C2F-2913-4FA0-BEE1-7930BEC8752F}"
EndProject
Project("{2150E333-8FDC-42A3-9474-1A3956D46DE8}") = "4.0 - Infrastructure", "4.0 - Infrastructure", "{92F2A758-7CD9-4A97-9CDD-449C1A907FC4}"
EndProject
Project("{9A19103F-16F7-4668-BE54-9A1E7A4F7556}") = "Fundos.API.Domain.Service", "Fundos.API.Service\Fundos.API.Domain.Service.csproj", "{D490E2F6-ECBD-4442-A705-45E6C531F404}"
EndProject
Project("{9A19103F-16F7-4668-BE54-9A1E7A4F7556}") = "Fundos.API.Domain.Core", "Fundos.API.Domain.Core\Fundos.API.Domain.Core.csproj", "{9ED273AB-5418-45C8-A773-55D3D77058F4}"
EndProject
Project("{9A19103F-16F7-4668-BE54-9A1E7A4F7556}") = "Fundos.API.Infra.Data", "Fundos.API.Infra.Data\Fundos.API.Infra.Data.csproj", "{56F08A9D-DCB4-46D4-A1C3-4A80B1871754}"
EndProject
Project("{FAE04EC0-301F-11D3-BF4B-00C04F79EFBC}") = "Fundos.API.Infra.Repo", "Fundos.API.Infra.Repo\Fundos.API.Infra.Repo.csproj", "{902E3E5A-34C8-4336-A107-A2E4AFD5FDAE}"
EndProject
Project("{2150E333-8FDC-42A3-9474-1A3956D46DE8}") = "1.0 - Web", "1.0 - Web", "{59E7C5FB-794F-4DA5-99C3-F00932CFE565}"
EndProject
Project("{FAE04EC0-301F-11D3-BF4B-00C04F79EFBC}") = "Fundos.API.App", "Fundos.API.App\Fundos.API.App.csproj", "{3848FD82-8A61-4C7A-B277-0F24D90DCF53}"
EndProject
Project("{FAE04EC0-301F-11D3-BF4B-00C04F79EFBC}") = "Fundos.API.Infra.IOC", "Fundos.API.Infra.IOC\Fundos.API.Infra.IOC.csproj", "{C85BB4C8-AC28-4B7C-82B4-5CEFA7B630C8}"
EndProject
Global
	GlobalSection(SolutionConfigurationPlatforms) = preSolution
		Debug|Any CPU = Debug|Any CPU
		Release|Any CPU = Release|Any CPU
	EndGlobalSection
	GlobalSection(ProjectConfigurationPlatforms) = postSolution
		{3707953F-0288-465D-93BC-790A4E80D734}.Debug|Any CPU.ActiveCfg = Debug|Any CPU
		{3707953F-0288-465D-93BC-790A4E80D734}.Debug|Any CPU.Build.0 = Debug|Any CPU
		{3707953F-0288-465D-93BC-790A4E80D734}.Release|Any CPU.ActiveCfg = Release|Any CPU
		{3707953F-0288-465D-93BC-790A4E80D734}.Release|Any CPU.Build.0 = Release|Any CPU
		{DDC30AC3-EBA5-4DA5-8681-9B9EBA20D94A}.Debug|Any CPU.ActiveCfg = Debug|Any CPU
		{DDC30AC3-EBA5-4DA5-8681-9B9EBA20D94A}.Debug|Any CPU.Build.0 = Debug|Any CPU
		{DDC30AC3-EBA5-4DA5-8681-9B9EBA20D94A}.Release|Any CPU.ActiveCfg = Release|Any CPU
		{DDC30AC3-EBA5-4DA5-8681-9B9EBA20D94A}.Release|Any CPU.Build.0 = Release|Any CPU
		{D490E2F6-ECBD-4442-A705-45E6C531F404}.Debug|Any CPU.ActiveCfg = Debug|Any CPU
		{D490E2F6-ECBD-4442-A705-45E6C531F404}.Debug|Any CPU.Build.0 = Debug|Any CPU
		{D490E2F6-ECBD-4442-A705-45E6C531F404}.Release|Any CPU.ActiveCfg = Release|Any CPU
		{D490E2F6-ECBD-4442-A705-45E6C531F404}.Release|Any CPU.Build.0 = Release|Any CPU
		{9ED273AB-5418-45C8-A773-55D3D77058F4}.Debug|Any CPU.ActiveCfg = Debug|Any CPU
		{9ED273AB-5418-45C8-A773-55D3D77058F4}.Debug|Any CPU.Build.0 = Debug|Any CPU
		{9ED273AB-5418-45C8-A773-55D3D77058F4}.Release|Any CPU.ActiveCfg = Release|Any CPU
		{9ED273AB-5418-45C8-A773-55D3D77058F4}.Release|Any CPU.Build.0 = Release|Any CPU
		{56F08A9D-DCB4-46D4-A1C3-4A80B1871754}.Debug|Any CPU.ActiveCfg = Debug|Any CPU
		{56F08A9D-DCB4-46D4-A1C3-4A80B1871754}.Debug|Any CPU.Build.0 = Debug|Any CPU
		{56F08A9D-DCB4-46D4-A1C3-4A80B1871754}.Release|Any CPU.ActiveCfg = Release|Any CPU
		{56F08A9D-DCB4-46D4-A1C3-4A80B1871754}.Release|Any CPU.Build.0 = Release|Any CPU
		{902E3E5A-34C8-4336-A107-A2E4AFD5FDAE}.Debug|Any CPU.ActiveCfg = Debug|Any CPU
		{902E3E5A-34C8-4336-A107-A2E4AFD5FDAE}.Debug|Any CPU.Build.0 = Debug|Any CPU
		{902E3E5A-34C8-4336-A107-A2E4AFD5FDAE}.Release|Any CPU.ActiveCfg = Release|Any CPU
		{902E3E5A-34C8-4336-A107-A2E4AFD5FDAE}.Release|Any CPU.Build.0 = Release|Any CPU
		{3848FD82-8A61-4C7A-B277-0F24D90DCF53}.Debug|Any CPU.ActiveCfg = Debug|Any CPU
		{3848FD82-8A61-4C7A-B277-0F24D90DCF53}.Debug|Any CPU.Build.0 = Debug|Any CPU
		{3848FD82-8A61-4C7A-B277-0F24D90DCF53}.Release|Any CPU.ActiveCfg = Release|Any CPU
		{3848FD82-8A61-4C7A-B277-0F24D90DCF53}.Release|Any CPU.Build.0 = Release|Any CPU
		{C85BB4C8-AC28-4B7C-82B4-5CEFA7B630C8}.Debug|Any CPU.ActiveCfg = Debug|Any CPU
		{C85BB4C8-AC28-4B7C-82B4-5CEFA7B630C8}.Debug|Any CPU.Build.0 = Debug|Any CPU
		{C85BB4C8-AC28-4B7C-82B4-5CEFA7B630C8}.Release|Any CPU.ActiveCfg = Release|Any CPU
		{C85BB4C8-AC28-4B7C-82B4-5CEFA7B630C8}.Release|Any CPU.Build.0 = Release|Any CPU
	EndGlobalSection
	GlobalSection(SolutionProperties) = preSolution
		HideSolutionNode = FALSE
	EndGlobalSection
	GlobalSection(NestedProjects) = preSolution
		{3707953F-0288-465D-93BC-790A4E80D734} = {59E7C5FB-794F-4DA5-99C3-F00932CFE565}
		{DDC30AC3-EBA5-4DA5-8681-9B9EBA20D94A} = {AAA566AC-12BE-4A53-904B-0D22FD4CC570}
		{D490E2F6-ECBD-4442-A705-45E6C531F404} = {AAA566AC-12BE-4A53-904B-0D22FD4CC570}
		{9ED273AB-5418-45C8-A773-55D3D77058F4} = {AAA566AC-12BE-4A53-904B-0D22FD4CC570}
		{56F08A9D-DCB4-46D4-A1C3-4A80B1871754} = {92F2A758-7CD9-4A97-9CDD-449C1A907FC4}
		{902E3E5A-34C8-4336-A107-A2E4AFD5FDAE} = {92F2A758-7CD9-4A97-9CDD-449C1A907FC4}
		{3848FD82-8A61-4C7A-B277-0F24D90DCF53} = {102E5C2F-2913-4FA0-BEE1-7930BEC8752F}
		{C85BB4C8-AC28-4B7C-82B4-5CEFA7B630C8} = {92F2A758-7CD9-4A97-9CDD-449C1A907FC4}
	EndGlobalSection
	GlobalSection(ExtensibilityGlobals) = postSolution
		SolutionGuid = {690DD11F-4A91-43EE-89B0-A5586019C18B}
	EndGlobalSection
EndGlobal
